
Microsoft Visual Studio Solution File, Format Version 12.00
# Visual Studio Version 17
VisualStudioVersion = 17.2.32616.157
MinimumVisualStudioVersion = 10.0.40219.1
Project("{FAE04EC0-301F-11D3-BF4B-00C04F79EFBC}") = "Activity 9", "Activity 9.csproj", "{837DE48D-2C40-4EC3-AF6B-A8E04ADF4A36}"
EndProject
Global
	GlobalSection(SolutionConfigurationPlatforms) = preSolution
		Debug|Any CPU = Debug|Any CPU
		Release|Any CPU = Release|Any CPU
	EndGlobalSection
	GlobalSection(ProjectConfigurationPlatforms) = postSolution
		{837DE48D-2C40-4EC3-AF6B-A8E04ADF4A36}.Debug|Any CPU.ActiveCfg = Debug|Any CPU
		{837DE48D-2C40-4EC3-AF6B-A8E04ADF4A36}.Debug|Any CPU.Build.0 = Debug|Any CPU
		{837DE48D-2C40-4EC3-AF6B-A8E04ADF4A36}.Release|Any CPU.ActiveCfg = Release|Any CPU
		{837DE48D-2C40-4EC3-AF6B-A8E04ADF4A36}.Release|Any CPU.Build.0 = Release|Any CPU
	EndGlobalSection
	GlobalSection(SolutionProperties) = preSolution
		HideSolutionNode = FALSE
	EndGlobalSection
	GlobalSection(ExtensibilityGlobals) = postSolution
		SolutionGuid = {FDF4E5BF-BC4E-47C8-922B-09548FEB8623}
	EndGlobalSection
EndGlobal
